
Microsoft Visual Studio Solution File, Format Version 12.00
# Visual Studio Version 17
VisualStudioVersion = 17.3.32901.215
MinimumVisualStudioVersion = 10.0.40219.1
Project("{FAE04EC0-301F-11D3-BF4B-00C04F79EFBC}") = "Lab7_Jacob_Dunn", "Lab7_Jacob_Dunn.csproj", "{9BAC7544-C246-42B9-BAE5-F7B5D8F41A03}"
EndProject
Global
	GlobalSection(SolutionConfigurationPlatforms) = preSolution
		Debug|Any CPU = Debug|Any CPU
		Release|Any CPU = Release|Any CPU
	EndGlobalSection
	GlobalSection(ProjectConfigurationPlatforms) = postSolution
		{9BAC7544-C246-42B9-BAE5-F7B5D8F41A03}.Debug|Any CPU.ActiveCfg = Debug|Any CPU
		{9BAC7544-C246-42B9-BAE5-F7B5D8F41A03}.Debug|Any CPU.Build.0 = Debug|Any CPU
		{9BAC7544-C246-42B9-BAE5-F7B5D8F41A03}.Release|Any CPU.ActiveCfg = Release|Any CPU
		{9BAC7544-C246-42B9-BAE5-F7B5D8F41A03}.Release|Any CPU.Build.0 = Release|Any CPU
	EndGlobalSection
	GlobalSection(SolutionProperties) = preSolution
		HideSolutionNode = FALSE
	EndGlobalSection
	GlobalSection(ExtensibilityGlobals) = postSolution
		SolutionGuid = {938EBE1A-6ED6-4A3F-97C6-33EEF21C6653}
	EndGlobalSection
EndGlobal
