
Microsoft Visual Studio Solution File, Format Version 12.00
# Visual Studio Version 17
VisualStudioVersion = 17.3.32901.215
MinimumVisualStudioVersion = 10.0.40219.1
Project("{FAE04EC0-301F-11D3-BF4B-00C04F79EFBC}") = "Lab6_Jacob_Dunn", "Lab6_Jacob_Dunn.csproj", "{0B594D2C-3C59-4EB4-8052-D7FCAD36CC1E}"
EndProject
Global
	GlobalSection(SolutionConfigurationPlatforms) = preSolution
		Debug|Any CPU = Debug|Any CPU
		Release|Any CPU = Release|Any CPU
	EndGlobalSection
	GlobalSection(ProjectConfigurationPlatforms) = postSolution
		{0B594D2C-3C59-4EB4-8052-D7FCAD36CC1E}.Debug|Any CPU.ActiveCfg = Debug|Any CPU
		{0B594D2C-3C59-4EB4-8052-D7FCAD36CC1E}.Debug|Any CPU.Build.0 = Debug|Any CPU
		{0B594D2C-3C59-4EB4-8052-D7FCAD36CC1E}.Release|Any CPU.ActiveCfg = Release|Any CPU
		{0B594D2C-3C59-4EB4-8052-D7FCAD36CC1E}.Release|Any CPU.Build.0 = Release|Any CPU
	EndGlobalSection
	GlobalSection(SolutionProperties) = preSolution
		HideSolutionNode = FALSE
	EndGlobalSection
	GlobalSection(ExtensibilityGlobals) = postSolution
		SolutionGuid = {6F2396A1-3C69-462E-81A3-DD57C1FABB4F}
	EndGlobalSection
EndGlobal
